
Microsoft Visual Studio Solution File, Format Version 12.00
# Visual Studio Version 17
VisualStudioVersion = 17.0.31903.59
MinimumVisualStudioVersion = 10.0.40219.1
Project("{FAE04EC0-301F-11D3-BF4B-00C04F79EFBC}") = "Domain", "Domain\Domain.csproj", "{71C84BB7-B2B3-4B02-8F0B-E9A9D8835A58}"
EndProject
Project("{FAE04EC0-301F-11D3-BF4B-00C04F79EFBC}") = "Infrastructure", "Infrastructure\Infrastructure.csproj", "{2215BD10-2C5D-4297-9B15-6B7AC2D96213}"
EndProject
Project("{FAE04EC0-301F-11D3-BF4B-00C04F79EFBC}") = "MainApp", "MainApp\MainApp.csproj", "{EBB07322-ABDE-4C67-8DC0-FEBFAD3BA952}"
EndProject
Global
	GlobalSection(SolutionConfigurationPlatforms) = preSolution
		Debug|Any CPU = Debug|Any CPU
		Debug|x64 = Debug|x64
		Debug|x86 = Debug|x86
		Release|Any CPU = Release|Any CPU
		Release|x64 = Release|x64
		Release|x86 = Release|x86
	EndGlobalSection
	GlobalSection(ProjectConfigurationPlatforms) = postSolution
		{71C84BB7-B2B3-4B02-8F0B-E9A9D8835A58}.Debug|Any CPU.ActiveCfg = Debug|Any CPU
		{71C84BB7-B2B3-4B02-8F0B-E9A9D8835A58}.Debug|Any CPU.Build.0 = Debug|Any CPU
		{71C84BB7-B2B3-4B02-8F0B-E9A9D8835A58}.Debug|x64.ActiveCfg = Debug|Any CPU
		{71C84BB7-B2B3-4B02-8F0B-E9A9D8835A58}.Debug|x64.Build.0 = Debug|Any CPU
		{71C84BB7-B2B3-4B02-8F0B-E9A9D8835A58}.Debug|x86.ActiveCfg = Debug|Any CPU
		{71C84BB7-B2B3-4B02-8F0B-E9A9D8835A58}.Debug|x86.Build.0 = Debug|Any CPU
		{71C84BB7-B2B3-4B02-8F0B-E9A9D8835A58}.Release|Any CPU.ActiveCfg = Release|Any CPU
		{71C84BB7-B2B3-4B02-8F0B-E9A9D8835A58}.Release|Any CPU.Build.0 = Release|Any CPU
		{71C84BB7-B2B3-4B02-8F0B-E9A9D8835A58}.Release|x64.ActiveCfg = Release|Any CPU
		{71C84BB7-B2B3-4B02-8F0B-E9A9D8835A58}.Release|x64.Build.0 = Release|Any CPU
		{71C84BB7-B2B3-4B02-8F0B-E9A9D8835A58}.Release|x86.ActiveCfg = Release|Any CPU
		{71C84BB7-B2B3-4B02-8F0B-E9A9D8835A58}.Release|x86.Build.0 = Release|Any CPU
		{2215BD10-2C5D-4297-9B15-6B7AC2D96213}.Debug|Any CPU.ActiveCfg = Debug|Any CPU
		{2215BD10-2C5D-4297-9B15-6B7AC2D96213}.Debug|Any CPU.Build.0 = Debug|Any CPU
		{2215BD10-2C5D-4297-9B15-6B7AC2D96213}.Debug|x64.ActiveCfg = Debug|Any CPU
		{2215BD10-2C5D-4297-9B15-6B7AC2D96213}.Debug|x64.Build.0 = Debug|Any CPU
		{2215BD10-2C5D-4297-9B15-6B7AC2D96213}.Debug|x86.ActiveCfg = Debug|Any CPU
		{2215BD10-2C5D-4297-9B15-6B7AC2D96213}.Debug|x86.Build.0 = Debug|Any CPU
		{2215BD10-2C5D-4297-9B15-6B7AC2D96213}.Release|Any CPU.ActiveCfg = Release|Any CPU
		{2215BD10-2C5D-4297-9B15-6B7AC2D96213}.Release|Any CPU.Build.0 = Release|Any CPU
		{2215BD10-2C5D-4297-9B15-6B7AC2D96213}.Release|x64.ActiveCfg = Release|Any CPU
		{2215BD10-2C5D-4297-9B15-6B7AC2D96213}.Release|x64.Build.0 = Release|Any CPU
		{2215BD10-2C5D-4297-9B15-6B7AC2D96213}.Release|x86.ActiveCfg = Release|Any CPU
		{2215BD10-2C5D-4297-9B15-6B7AC2D96213}.Release|x86.Build.0 = Release|Any CPU
		{EBB07322-ABDE-4C67-8DC0-FEBFAD3BA952}.Debug|Any CPU.ActiveCfg = Debug|Any CPU
		{EBB07322-ABDE-4C67-8DC0-FEBFAD3BA952}.Debug|Any CPU.Build.0 = Debug|Any CPU
		{EBB07322-ABDE-4C67-8DC0-FEBFAD3BA952}.Debug|x64.ActiveCfg = Debug|Any CPU
		{EBB07322-ABDE-4C67-8DC0-FEBFAD3BA952}.Debug|x64.Build.0 = Debug|Any CPU
		{EBB07322-ABDE-4C67-8DC0-FEBFAD3BA952}.Debug|x86.ActiveCfg = Debug|Any CPU
		{EBB07322-ABDE-4C67-8DC0-FEBFAD3BA952}.Debug|x86.Build.0 = Debug|Any CPU
		{EBB07322-ABDE-4C67-8DC0-FEBFAD3BA952}.Release|Any CPU.ActiveCfg = Release|Any CPU
		{EBB07322-ABDE-4C67-8DC0-FEBFAD3BA952}.Release|Any CPU.Build.0 = Release|Any CPU
		{EBB07322-ABDE-4C67-8DC0-FEBFAD3BA952}.Release|x64.ActiveCfg = Release|Any CPU
		{EBB07322-ABDE-4C67-8DC0-FEBFAD3BA952}.Release|x64.Build.0 = Release|Any CPU
		{EBB07322-ABDE-4C67-8DC0-FEBFAD3BA952}.Release|x86.ActiveCfg = Release|Any CPU
		{EBB07322-ABDE-4C67-8DC0-FEBFAD3BA952}.Release|x86.Build.0 = Release|Any CPU
	EndGlobalSection
	GlobalSection(SolutionProperties) = preSolution
		HideSolutionNode = FALSE
	EndGlobalSection
EndGlobal
